// !$*UTF8*$!
{
	archiveVersion = 1;
	classes = {
	};
	objectVersion = 46;
	objects = {

/* Begin PBXBuildFile section */
		A00EBCEE283269D0067E6001 /* libPods-ImageLoading_TableView.a in Frameworks */ = {isa = PBXBuildFile; fileRef = 5CF40B98DDCE08FB8D96B268 /* libPods-ImageLoading_TableView.a */; };
		AD4715031E1616E600C09D50 /* main.m in Sources */ = {isa = PBXBuildFile; fileRef = AD4715021E1616E600C09D50 /* main.m */; };
		AD4715061E1616E600C09D50 /* AppDelegate.m in Sources */ = {isa = PBXBuildFile; fileRef = AD4715051E1616E600C09D50 /* AppDelegate.m */; };
		AD4715091E1616E600C09D50 /* ViewController.m in Sources */ = {isa = PBXBuildFile; fileRef = AD4715081E1616E600C09D50 /* ViewController.m */; };
		AD47150C1E1616E600C09D50 /* Main.storyboard in Resources */ = {isa = PBXBuildFile; fileRef = AD47150A1E1616E600C09D50 /* Main.storyboard */; };
		AD47150E1E1616E600C09D50 /* Assets.xcassets in Resources */ = {isa = PBXBuildFile; fileRef = AD47150D1E1616E600C09D50 /* Assets.xcassets */; };
		AD4715111E1616E600C09D50 /* LaunchScreen.storyboard in Resources */ = {isa = PBXBuildFile; fileRef = AD47150F1E1616E600C09D50 /* LaunchScreen.storyboard */; };
		AD47151C1E1616E700C09D50 /* ImageLoading_TableViewTests.m in Sources */ = {isa = PBXBuildFile; fileRef = AD47151B1E1616E700C09D50 /* ImageLoading_TableViewTests.m */; };
		AD4715271E1616E700C09D50 /* ImageLoading_TableViewUITests.m in Sources */ = {isa = PBXBuildFile; fileRef = AD4715261E1616E700C09D50 /* ImageLoading_TableViewUITests.m */; };
		AD4715361E161C7600C09D50 /* imageTableViewCell.m in Sources */ = {isa = PBXBuildFile; fileRef = AD4715351E161C7600C09D50 /* imageTableViewCell.m */; };
		AD4715381E161D8D00C09D50 /* Icon-App-20x20@2x.png in Resources */ = {isa = PBXBuildFile; fileRef = AD4715371E161D8D00C09D50 /* Icon-App-20x20@2x.png */; };
		AD47153A1E161FE200C09D50 /* placeholder.png in Resources */ = {isa = PBXBuildFile; fileRef = AD4715391E161FE200C09D50 /* placeholder.png */; };
/* End PBXBuildFile section */

/* Begin PBXContainerItemProxy section */
		AD4715181E1616E700C09D50 /* PBXContainerItemProxy */ = {
			isa = PBXContainerItemProxy;
			containerPortal = AD4714F61E1616E600C09D50 /* Project object */;
			proxyType = 1;
			remoteGlobalIDString = AD4714FD1E1616E600C09D50;
			remoteInfo = ImageLoading_TableView;
		};
		AD4715231E1616E700C09D50 /* PBXContainerItemProxy */ = {
			isa = PBXContainerItemProxy;
			containerPortal = AD4714F61E1616E600C09D50 /* Project object */;
			proxyType = 1;
			remoteGlobalIDString = AD4714FD1E1616E600C09D50;
			remoteInfo = ImageLoading_TableView;
		};
/* End PBXContainerItemProxy section */

/* Begin PBXFileReference section */
		21BA94EBE761FC137BE0CF08 /* Pods-ImageLoading_TableView.debug.xcconfig */ = {isa = PBXFileReference; includeInIndex = 1; lastKnownFileType = text.xcconfig; name = "Pods-ImageLoading_TableView.debug.xcconfig"; path = "Pods/Target Support Files/Pods-ImageLoading_TableView/Pods-ImageLoading_TableView.debug.xcconfig"; sourceTree = "<group>"; };
		5CF40B98DDCE08FB8D96B268 /* libPods-ImageLoading_TableView.a */ = {isa = PBXFileReference; explicitFileType = archive.ar; includeInIndex = 0; path = "libPods-ImageLoading_TableView.a"; sourceTree = BUILT_PRODUCTS_DIR; };
		AD4714FE1E1616E600C09D50 /* ImageLoading_TableView.app */ = {isa = PBXFileReference; explicitFileType = wrapper.application; includeInIndex = 0; path = ImageLoading_TableView.app; sourceTree = BUILT_PRODUCTS_DIR; };
		AD4715021E1616E600C09D50 /* main.m */ = {isa = PBXFileReference; lastKnownFileType = sourcecode.c.objc; path = main.m; sourceTree = "<group>"; };
		AD4715041E1616E600C09D50 /* AppDelegate.h */ = {isa = PBXFileReference; lastKnownFileType = sourcecode.c.h; path = AppDelegate.h; sourceTree = "<group>"; };
		AD4715051E1616E600C09D50 /* AppDelegate.m */ = {isa = PBXFileReference; lastKnownFileType = sourcecode.c.objc; path = AppDelegate.m; sourceTree = "<group>"; };
		AD4715071E1616E600C09D50 /* ViewController.h */ = {isa = PBXFileReference; lastKnownFileType = sourcecode.c.h; path = ViewController.h; sourceTree = "<group>"; };
		AD4715081E1616E600C09D50 /* ViewController.m */ = {isa = PBXFileReference; lastKnownFileType = sourcecode.c.objc; path = ViewController.m; sourceTree = "<group>"; };
		AD47150B1E1616E600C09D50 /* Base */ = {isa = PBXFileReference; lastKnownFileType = file.storyboard; name = Base; path = Base.lproj/Main.storyboard; sourceTree = "<group>"; };
		AD47150D1E1616E600C09D50 /* Assets.xcassets */ = {isa = PBXFileReference; lastKnownFileType = folder.assetcatalog; path = Assets.xcassets; sourceTree = "<group>"; };
		AD4715101E1616E600C09D50 /* Base */ = {isa = PBXFileReference; lastKnownFileType = file.storyboard; name = Base; path = Base.lproj/LaunchScreen.storyboard; sourceTree = "<group>"; };
		AD4715121E1616E600C09D50 /* Info.plist */ = {isa = PBXFileReference; lastKnownFileType = text.plist.xml; path = Info.plist; sourceTree = "<group>"; };
		AD4715171E1616E700C09D50 /* ImageLoading_TableViewTests.xctest */ = {isa = PBXFileReference; explicitFileType = wrapper.cfbundle; includeInIndex = 0; path = ImageLoading_TableViewTests.xctest; sourceTree = BUILT_PRODUCTS_DIR; };
		AD47151B1E1616E700C09D50 /* ImageLoading_TableViewTests.m */ = {isa = PBXFileReference; lastKnownFileType = sourcecode.c.objc; path = ImageLoading_TableViewTests.m; sourceTree = "<group>"; };
		AD47151D1E1616E700C09D50 /* Info.plist */ = {isa = PBXFileReference; lastKnownFileType = text.plist.xml; path = Info.plist; sourceTree = "<group>"; };
		AD4715221E1616E700C09D50 /* ImageLoading_TableViewUITests.xctest */ = {isa = PBXFileReference; explicitFileType = wrapper.cfbundle; includeInIndex = 0; path = ImageLoading_TableViewUITests.xctest; sourceTree = BUILT_PRODUCTS_DIR; };
		AD4715261E1616E700C09D50 /* ImageLoading_TableViewUITests.m */ = {isa = PBXFileReference; lastKnownFileType = sourcecode.c.objc; path = ImageLoading_TableViewUITests.m; sourceTree = "<group>"; };
		AD4715281E1616E700C09D50 /* Info.plist */ = {isa = PBXFileReference; lastKnownFileType = text.plist.xml; path = Info.plist; sourceTree = "<group>"; };
		AD4715341E161C7600C09D50 /* imageTableViewCell.h */ = {isa = PBXFileReference; fileEncoding = 4; lastKnownFileType = sourcecode.c.h; path = imageTableViewCell.h; sourceTree = "<group>"; };
		AD4715351E161C7600C09D50 /* imageTableViewCell.m */ = {isa = PBXFileReference; fileEncoding = 4; lastKnownFileType = sourcecode.c.objc; path = imageTableViewCell.m; sourceTree = "<group>"; };
		AD4715371E161D8D00C09D50 /* Icon-App-20x20@2x.png */ = {isa = PBXFileReference; lastKnownFileType = image.png; path = "Icon-App-20x20@2x.png"; sourceTree = "<group>"; };
		AD4715391E161FE200C09D50 /* placeholder.png */ = {isa = PBXFileReference; lastKnownFileType = image.png; path = placeholder.png; sourceTree = "<group>"; };
		AE87165F56F5C0847DF04E14 /* Pods-ImageLoading_TableView.release.xcconfig */ = {isa = PBXFileReference; includeInIndex = 1; lastKnownFileType = text.xcconfig; name = "Pods-ImageLoading_TableView.release.xcconfig"; path = "Pods/Target Support Files/Pods-ImageLoading_TableView/Pods-ImageLoading_TableView.release.xcconfig"; sourceTree = "<group>"; };
/* End PBXFileReference section */

/* Begin PBXFrameworksBuildPhase section */
		AD4714FB1E1616E600C09D50 /* Frameworks */ = {
			isa = PBXFrameworksBuildPhase;
			buildActionMask = 2147483647;
			files = (
				A00EBCEE283269D0067E6001 /* libPods-ImageLoading_TableView.a in Frameworks */,
			);
			runOnlyForDeploymentPostprocessing = 0;
		};
		AD4715141E1616E700C09D50 /* Frameworks */ = {
			isa = PBXFrameworksBuildPhase;
			buildActionMask = 2147483647;
			files = (
			);
			runOnlyForDeploymentPostprocessing = 0;
		};
		AD47151F1E1616E700C09D50 /* Frameworks */ = {
			isa = PBXFrameworksBuildPhase;
			buildActionMask = 2147483647;
			files = (
			);
			runOnlyForDeploymentPostprocessing = 0;
		};
/* End PBXFrameworksBuildPhase section */

/* Begin PBXGroup section */
		843E593D05767E28E433FF0F /* Pods */ = {
			isa = PBXGroup;
			children = (
				21BA94EBE761FC137BE0CF08 /* Pods-ImageLoading_TableView.debug.xcconfig */,
				AE87165F56F5C0847DF04E14 /* Pods-ImageLoading_TableView.release.xcconfig */,
			);
			name = Pods;
			sourceTree = "<group>";
		};
		918751790AFAA8AFD62D6A60 /* Frameworks */ = {
			isa = PBXGroup;
			children = (
				5CF40B98DDCE08FB8D96B268 /* libPods-ImageLoading_TableView.a */,
			);
			name = Frameworks;
			sourceTree = "<group>";
		};
		AD4714F51E1616E600C09D50 = {
			isa = PBXGroup;
			children = (
				AD4715001E1616E600C09D50 /* ImageLoading_TableView */,
				AD47151A1E1616E700C09D50 /* ImageLoading_TableViewTests */,
				AD4715251E1616E700C09D50 /* ImageLoading_TableViewUITests */,
				AD4714FF1E1616E600C09D50 /* Products */,
				843E593D05767E28E433FF0F /* Pods */,
				918751790AFAA8AFD62D6A60 /* Frameworks */,
			);
			sourceTree = "<group>";
		};
		AD4714FF1E1616E600C09D50 /* Products */ = {
			isa = PBXGroup;
			children = (
				AD4714FE1E1616E600C09D50 /* ImageLoading_TableView.app */,
				AD4715171E1616E700C09D50 /* ImageLoading_TableViewTests.xctest */,
				AD4715221E1616E700C09D50 /* ImageLoading_TableViewUITests.xctest */,
			);
			name = Products;
			sourceTree = "<group>";
		};
		AD4715001E1616E600C09D50 /* ImageLoading_TableView */ = {
			isa = PBXGroup;
			children = (
				AD4715041E1616E600C09D50 /* AppDelegate.h */,
				AD4715391E161FE200C09D50 /* placeholder.png */,
				AD4715371E161D8D00C09D50 /* Icon-App-20x20@2x.png */,
				AD4715051E1616E600C09D50 /* AppDelegate.m */,
				AD4715071E1616E600C09D50 /* ViewController.h */,
				AD4715341E161C7600C09D50 /* imageTableViewCell.h */,
				AD4715351E161C7600C09D50 /* imageTableViewCell.m */,
				AD4715081E1616E600C09D50 /* ViewController.m */,
				AD47150A1E1616E600C09D50 /* Main.storyboard */,
				AD47150D1E1616E600C09D50 /* Assets.xcassets */,
				AD47150F1E1616E600C09D50 /* LaunchScreen.storyboard */,
				AD4715121E1616E600C09D50 /* Info.plist */,
				AD4715011E1616E600C09D50 /* Supporting Files */,
			);
			path = ImageLoading_TableView;
			sourceTree = "<group>";
		};
		AD4715011E1616E600C09D50 /* Supporting Files */ = {
			isa = PBXGroup;
			children = (
				AD4715021E1616E600C09D50 /* main.m */,
			);
			name = "Supporting Files";
			sourceTree = "<group>";
		};
		AD47151A1E1616E700C09D50 /* ImageLoading_TableViewTests */ = {
			isa = PBXGroup;
			children = (
				AD47151B1E1616E700C09D50 /* ImageLoading_TableViewTests.m */,
				AD47151D1E1616E700C09D50 /* Info.plist */,
			);
			path = ImageLoading_TableViewTests;
			sourceTree = "<group>";
		};
		AD4715251E1616E700C09D50 /* ImageLoading_TableViewUITests */ = {
			isa = PBXGroup;
			children = (
				AD4715261E1616E700C09D50 /* ImageLoading_TableViewUITests.m */,
				AD4715281E1616E700C09D50 /* Info.plist */,
			);
			path = ImageLoading_TableViewUITests;
			sourceTree = "<group>";
		};
/* End PBXGroup section */

/* Begin PBXNativeTarget section */
		AD4714FD1E1616E600C09D50 /* ImageLoading_TableView */ = {
			isa = PBXNativeTarget;
			buildConfigurationList = AD47152B1E1616E700C09D50 /* Build configuration list for PBXNativeTarget "ImageLoading_TableView" */;
			buildPhases = (
				53113BF67BE40F4DD7FC9983 /* [CP] Check Pods Manifest.lock */,
				AD4714FA1E1616E600C09D50 /* Sources */,
				AD4714FB1E1616E600C09D50 /* Frameworks */,
				AD4714FC1E1616E600C09D50 /* Resources */,
				EA5B346E4F2D2D3EBF95B759 /* [CP] Embed Pods Frameworks */,
				26633E43BCB3F337AD6D995F /* [CP] Copy Pods Resources */,
			);
			buildRules = (
			);
			dependencies = (
			);
			name = ImageLoading_TableView;
			productName = ImageLoading_TableView;
			productReference = AD4714FE1E1616E600C09D50 /* ImageLoading_TableView.app */;
			productType = "com.apple.product-type.application";
		};
		AD4715161E1616E700C09D50 /* ImageLoading_TableViewTests */ = {
			isa = PBXNativeTarget;
			buildConfigurationList = AD47152E1E1616E700C09D50 /* Build configuration list for PBXNativeTarget "ImageLoading_TableViewTests" */;
			buildPhases = (
				AD4715131E1616E700C09D50 /* Sources */,
				AD4715141E1616E700C09D50 /* Frameworks */,
				AD4715151E1616E700C09D50 /* Resources */,
			);
			buildRules = (
			);
			dependencies = (
				AD4715191E1616E700C09D50 /* PBXTargetDependency */,
			);
			name = ImageLoading_TableViewTests;
			productName = ImageLoading_TableViewTests;
			productReference = AD4715171E1616E700C09D50 /* ImageLoading_TableViewTests.xctest */;
			productType = "com.apple.product-type.bundle.unit-test";
		};
		AD4715211E1616E700C09D50 /* ImageLoading_TableViewUITests */ = {
			isa = PBXNativeTarget;
			buildConfigurationList = AD4715311E1616E700C09D50 /* Build configuration list for PBXNativeTarget "ImageLoading_TableViewUITests" */;
			buildPhases = (
				AD47151E1E1616E700C09D50 /* Sources */,
				AD47151F1E1616E700C09D50 /* Frameworks */,
				AD4715201E1616E700C09D50 /* Resources */,
			);
			buildRules = (
			);
			dependencies = (
				AD4715241E1616E700C09D50 /* PBXTargetDependency */,
			);
			name = ImageLoading_TableViewUITests;
			productName = ImageLoading_TableViewUITests;
			productReference = AD4715221E1616E700C09D50 /* ImageLoading_TableViewUITests.xctest */;
			productType = "com.apple.product-type.bundle.ui-testing";
		};
/* End PBXNativeTarget section */

/* Begin PBXProject section */
		AD4714F61E1616E600C09D50 /* Project object */ = {
			isa = PBXProject;
			attributes = {
				LastUpgradeCheck = 0820;
				ORGANIZATIONNAME = "Tecksky Technologies";
				TargetAttributes = {
					AD4714FD1E1616E600C09D50 = {
						CreatedOnToolsVersion = 8.2.1;
						ProvisioningStyle = Automatic;
					};
					AD4715161E1616E700C09D50 = {
						CreatedOnToolsVersion = 8.2.1;
						ProvisioningStyle = Automatic;
						TestTargetID = AD4714FD1E1616E600C09D50;
					};
					AD4715211E1616E700C09D50 = {
						CreatedOnToolsVersion = 8.2.1;
						ProvisioningStyle = Automatic;
						TestTargetID = AD4714FD1E1616E600C09D50;
					};
				};
			};
			buildConfigurationList = AD4714F91E1616E600C09D50 /* Build configuration list for PBXProject "ImageLoading_TableView" */;
			compatibilityVersion = "Xcode 3.2";
			developmentRegion = English;
			hasScannedForEncodings = 0;
			knownRegions = (
				en,
				Base,
			);
			mainGroup = AD4714F51E1616E600C09D50;
			productRefGroup = AD4714FF1E1616E600C09D50 /* Products */;
			projectDirPath = "";
			projectRoot = "";
			targets = (
				AD4714FD1E1616E600C09D50 /* ImageLoading_TableView */,
				AD4715161E1616E700C09D50 /* ImageLoading_TableViewTests */,
				AD4715211E1616E700C09D50 /* ImageLoading_TableViewUITests */,
			);
		};
/* End PBXProject section */

/* Begin PBXResourcesBuildPhase section */
		AD4714FC1E1616E600C09D50 /* Resources */ = {
			isa = PBXResourcesBuildPhase;
			buildActionMask = 2147483647;
			files = (
				AD4715111E1616E600C09D50 /* LaunchScreen.storyboard in Resources */,
				AD47150E1E1616E600C09D50 /* Assets.xcassets in Resources */,
				AD4715381E161D8D00C09D50 /* Icon-App-20x20@2x.png in Resources */,
				AD47153A1E161FE200C09D50 /* placeholder.png in Resources */,
				AD47150C1E1616E600C09D50 /* Main.storyboard in Resources */,
			);
			runOnlyForDeploymentPostprocessing = 0;
		};
		AD4715151E1616E700C09D50 /* Resources */ = {
			isa = PBXResourcesBuildPhase;
			buildActionMask = 2147483647;
			files = (
			);
			runOnlyForDeploymentPostprocessing = 0;
		};
		AD4715201E1616E700C09D50 /* Resources */ = {
			isa = PBXResourcesBuildPhase;
			buildActionMask = 2147483647;
			files = (
			);
			runOnlyForDeploymentPostprocessing = 0;
		};
/* End PBXResourcesBuildPhase section */

/* Begin PBXShellScriptBuildPhase section */
		26633E43BCB3F337AD6D995F /* [CP] Copy Pods Resources */ = {
			isa = PBXShellScriptBuildPhase;
			buildActionMask = 2147483647;
			files = (
			);
			inputPaths = (
			);
			name = "[CP] Copy Pods Resources";
			outputPaths = (
			);
			runOnlyForDeploymentPostprocessing = 0;
			shellPath = /bin/sh;
			shellScript = "\"${SRCROOT}/Pods/Target Support Files/Pods-ImageLoading_TableView/Pods-ImageLoading_TableView-resources.sh\"\n";
			showEnvVarsInLog = 0;
		};
		53113BF67BE40F4DD7FC9983 /* [CP] Check Pods Manifest.lock */ = {
			isa = PBXShellScriptBuildPhase;
			buildActionMask = 2147483647;
			files = (
			);
			inputPaths = (
			);
			name = "[CP] Check Pods Manifest.lock";
			outputPaths = (
			);
			runOnlyForDeploymentPostprocessing = 0;
			shellPath = /bin/sh;
			shellScript = "diff \"${PODS_ROOT}/../Podfile.lock\" \"${PODS_ROOT}/Manifest.lock\" > /dev/null\nif [[ $? != 0 ]] ; then\n    cat << EOM\nerror: The sandbox is not in sync with the Podfile.lock. Run 'pod install' or update your CocoaPods installation.\nEOM\n    exit 1\nfi\n";
			showEnvVarsInLog = 0;
		};
		EA5B346E4F2D2D3EBF95B759 /* [CP] Embed Pods Frameworks */ = {
			isa = PBXShellScriptBuildPhase;
			buildActionMask = 2147483647;
			files = (
			);
			inputPaths = (
			);
			name = "[CP] Embed Pods Frameworks";
			outputPaths = (
			);
			runOnlyForDeploymentPostprocessing = 0;
			shellPath = /bin/sh;
			shellScript = "\"${SRCROOT}/Pods/Target Support Files/Pods-ImageLoading_TableView/Pods-ImageLoading_TableView-frameworks.sh\"\n";
			showEnvVarsInLog = 0;
		};
/* End PBXShellScriptBuildPhase section */

/* Begin PBXSourcesBuildPhase section */
		AD4714FA1E1616E600C09D50 /* Sources */ = {
			isa = PBXSourcesBuildPhase;
			buildActionMask = 2147483647;
			files = (
				AD4715091E1616E600C09D50 /* ViewController.m in Sources */,
				AD4715361E161C7600C09D50 /* imageTableViewCell.m in Sources */,
				AD4715061E1616E600C09D50 /* AppDelegate.m in Sources */,
				AD4715031E1616E600C09D50 /* main.m in Sources */,
			);
			runOnlyForDeploymentPostprocessing = 0;
		};
		AD4715131E1616E700C09D50 /* Sources */ = {
			isa = PBXSourcesBuildPhase;
			buildActionMask = 2147483647;
			files = (
				AD47151C1E1616E700C09D50 /* ImageLoading_TableViewTests.m in Sources */,
			);
			runOnlyForDeploymentPostprocessing = 0;
		};
		AD47151E1E1616E700C09D50 /* Sources */ = {
			isa = PBXSourcesBuildPhase;
			buildActionMask = 2147483647;
			files = (
				AD4715271E1616E700C09D50 /* ImageLoading_TableViewUITests.m in Sources */,
			);
			runOnlyForDeploymentPostprocessing = 0;
		};
/* End PBXSourcesBuildPhase section */

/* Begin PBXTargetDependency section */
		AD4715191E1616E700C09D50 /* PBXTargetDependency */ = {
			isa = PBXTargetDependency;
			target = AD4714FD1E1616E600C09D50 /* ImageLoading_TableView */;
			targetProxy = AD4715181E1616E700C09D50 /* PBXContainerItemProxy */;
		};
		AD4715241E1616E700C09D50 /* PBXTargetDependency */ = {
			isa = PBXTargetDependency;
			target = AD4714FD1E1616E600C09D50 /* ImageLoading_TableView */;
			targetProxy = AD4715231E1616E700C09D50 /* PBXContainerItemProxy */;
		};
/* End PBXTargetDependency section */

/* Begin PBXVariantGroup section */
		AD47150A1E1616E600C09D50 /* Main.storyboard */ = {
			isa = PBXVariantGroup;
			children = (
				AD47150B1E1616E600C09D50 /* Base */,
			);
			name = Main.storyboard;
			sourceTree = "<group>";
		};
		AD47150F1E1616E600C09D50 /* LaunchScreen.storyboard */ = {
			isa = PBXVariantGroup;
			children = (
				AD4715101E1616E600C09D50 /* Base */,
			);
			name = LaunchScreen.storyboard;
			sourceTree = "<group>";
		};
/* End PBXVariantGroup section */

/* Begin XCBuildConfiguration section */
		AD4715291E1616E700C09D50 /* Debug */ = {
			isa = XCBuildConfiguration;
			buildSettings = {
				ALWAYS_SEARCH_USER_PATHS = NO;
				CLANG_ANALYZER_NONNULL = YES;
				CLANG_CXX_LANGUAGE_STANDARD = "gnu++0x";
				CLANG_CXX_LIBRARY = "libc++";
				CLANG_ENABLE_MODULES = YES;
				CLANG_ENABLE_OBJC_ARC = YES;
				CLANG_WARN_BOOL_CONVERSION = YES;
				CLANG_WARN_CONSTANT_CONVERSION = YES;
				CLANG_WARN_DIRECT_OBJC_ISA_USAGE = YES_ERROR;
				CLANG_WARN_DOCUMENTATION_COMMENTS = YES;
				CLANG_WARN_EMPTY_BODY = YES;
				CLANG_WARN_ENUM_CONVERSION = YES;
				CLANG_WARN_INFINITE_RECURSION = YES;
				CLANG_WARN_INT_CONVERSION = YES;
				CLANG_WARN_OBJC_ROOT_CLASS = YES_ERROR;
				CLANG_WARN_SUSPICIOUS_MOVE = YES;
				CLANG_WARN_UNREACHABLE_CODE = YES;
				CLANG_WARN__DUPLICATE_METHOD_MATCH = YES;
				"CODE_SIGN_IDENTITY[sdk=iphoneos*]" = "iPhone Developer";
				COPY_PHASE_STRIP = NO;
				DEBUG_INFORMATION_FORMAT = dwarf;
				ENABLE_STRICT_OBJC_MSGSEND = YES;
				ENABLE_TESTABILITY = YES;
				GCC_C_LANGUAGE_STANDARD = gnu99;
				GCC_DYNAMIC_NO_PIC = NO;
				GCC_NO_COMMON_BLOCKS = YES;
				GCC_OPTIMIZATION_LEVEL = 0;
				GCC_PREPROCESSOR_DEFINITIONS = (
					"DEBUG=1",
					"$(inherited)",
				);
				GCC_WARN_64_TO_32_BIT_CONVERSION = YES;
				GCC_WARN_ABOUT_RETURN_TYPE = YES_ERROR;
				GCC_WARN_UNDECLARED_SELECTOR = YES;
				GCC_WARN_UNINITIALIZED_AUTOS = YES_AGGRESSIVE;
				GCC_WARN_UNUSED_FUNCTION = YES;
				GCC_WARN_UNUSED_VARIABLE = YES;
				IPHONEOS_DEPLOYMENT_TARGET = 10.2;
				MTL_ENABLE_DEBUG_INFO = YES;
				ONLY_ACTIVE_ARCH = YES;
				SDKROOT = iphoneos;
				TARGETED_DEVICE_FAMILY = "1,2";
			};
			name = Debug;
		};
		AD47152A1E1616E700C09D50 /* Release */ = {
			isa = XCBuildConfiguration;
			buildSettings = {
				ALWAYS_SEARCH_USER_PATHS = NO;
				CLANG_ANALYZER_NONNULL = YES;
				CLANG_CXX_LANGUAGE_STANDARD = "gnu++0x";
				CLANG_CXX_LIBRARY = "libc++";
				CLANG_ENABLE_MODULES = YES;
				CLANG_ENABLE_OBJC_ARC = YES;
				CLANG_WARN_BOOL_CONVERSION = YES;
				CLANG_WARN_CONSTANT_CONVERSION = YES;
				CLANG_WARN_DIRECT_OBJC_ISA_USAGE = YES_ERROR;
				CLANG_WARN_DOCUMENTATION_COMMENTS = YES;
				CLANG_WARN_EMPTY_BODY = YES;
				CLANG_WARN_ENUM_CONVERSION = YES;
				CLANG_WARN_INFINITE_RECURSION = YES;
				CLANG_WARN_INT_CONVERSION = YES;
				CLANG_WARN_OBJC_ROOT_CLASS = YES_ERROR;
				CLANG_WARN_SUSPICIOUS_MOVE = YES;
				CLANG_WARN_UNREACHABLE_CODE = YES;
				CLANG_WARN__DUPLICATE_METHOD_MATCH = YES;
				"CODE_SIGN_IDENTITY[sdk=iphoneos*]" = "iPhone Developer";
				COPY_PHASE_STRIP = NO;
				DEBUG_INFORMATION_FORMAT = "dwarf-with-dsym";
				ENABLE_NS_ASSERTIONS = NO;
				ENABLE_STRICT_OBJC_MSGSEND = YES;
				GCC_C_LANGUAGE_STANDARD = gnu99;
				GCC_NO_COMMON_BLOCKS = YES;
				GCC_WARN_64_TO_32_BIT_CONVERSION = YES;
				GCC_WARN_ABOUT_RETURN_TYPE = YES_ERROR;
				GCC_WARN_UNDECLARED_SELECTOR = YES;
				GCC_WARN_UNINITIALIZED_AUTOS = YES_AGGRESSIVE;
				GCC_WARN_UNUSED_FUNCTION = YES;
				GCC_WARN_UNUSED_VARIABLE = YES;
				IPHONEOS_DEPLOYMENT_TARGET = 10.2;
				MTL_ENABLE_DEBUG_INFO = NO;
				SDKROOT = iphoneos;
				TARGETED_DEVICE_FAMILY = "1,2";
				VALIDATE_PRODUCT = YES;
			};
			name = Release;
		};
		AD47152C1E1616E700C09D50 /* Debug */ = {
			isa = XCBuildConfiguration;
			baseConfigurationReference = 21BA94EBE761FC137BE0CF08 /* Pods-ImageLoading_TableView.debug.xcconfig */;
			buildSettings = {
				ASSETCATALOG_COMPILER_APPICON_NAME = AppIcon;
				INFOPLIST_FILE = ImageLoading_TableView/Info.plist;
				LD_RUNPATH_SEARCH_PATHS = "$(inherited) @executable_path/Frameworks";
				PRODUCT_BUNDLE_IDENTIFIER = "com.tecksky.ImageLoading-TableView";
				PRODUCT_NAME = "$(TARGET_NAME)";
			};
			name = Debug;
		};
		AD47152D1E1616E700C09D50 /* Release */ = {
			isa = XCBuildConfiguration;
			baseConfigurationReference = AE87165F56F5C0847DF04E14 /* Pods-ImageLoading_TableView.release.xcconfig */;
			buildSettings = {
				ASSETCATALOG_COMPILER_APPICON_NAME = AppIcon;
				INFOPLIST_FILE = ImageLoading_TableView/Info.plist;
				LD_RUNPATH_SEARCH_PATHS = "$(inherited) @executable_path/Frameworks";
				PRODUCT_BUNDLE_IDENTIFIER = "com.tecksky.ImageLoading-TableView";
				PRODUCT_NAME = "$(TARGET_NAME)";
			};
			name = Release;
		};
		AD47152F1E1616E700C09D50 /* Debug */ = {
			isa = XCBuildConfiguration;
			buildSettings = {
				BUNDLE_LOADER = "$(TEST_HOST)";
				INFOPLIST_FILE = ImageLoading_TableViewTests/Info.plist;
				LD_RUNPATH_SEARCH_PATHS = "$(inherited) @executable_path/Frameworks @loader_path/Frameworks";
				PRODUCT_BUNDLE_IDENTIFIER = "com.tecksky.ImageLoading-TableViewTests";
				PRODUCT_NAME = "$(TARGET_NAME)";
				TEST_HOST = "$(BUILT_PRODUCTS_DIR)/ImageLoading_TableView.app/ImageLoading_TableView";
			};
			name = Debug;
		};
		AD4715301E1616E700C09D50 /* Release */ = {
			isa = XCBuildConfiguration;
			buildSettings = {
				BUNDLE_LOADER = "$(TEST_HOST)";
				INFOPLIST_FILE = ImageLoading_TableViewTests/Info.plist;
				LD_RUNPATH_SEARCH_PATHS = "$(inherited) @executable_path/Frameworks @loader_path/Frameworks";
				PRODUCT_BUNDLE_IDENTIFIER = "com.tecksky.ImageLoading-TableViewTests";
				PRODUCT_NAME = "$(TARGET_NAME)";
				TEST_HOST = "$(BUILT_PRODUCTS_DIR)/ImageLoading_TableView.app/ImageLoading_TableView";
			};
			name = Release;
		};
		AD4715321E1616E700C09D50 /* Debug */ = {
			isa = XCBuildConfiguration;
			buildSettings = {
				INFOPLIST_FILE = ImageLoading_TableViewUITests/Info.plist;
				LD_RUNPATH_SEARCH_PATHS = "$(inherited) @executable_path/Frameworks @loader_path/Frameworks";
				PRODUCT_BUNDLE_IDENTIFIER = "com.tecksky.ImageLoading-TableViewUITests";
				PRODUCT_NAME = "$(TARGET_NAME)";
				TEST_TARGET_NAME = ImageLoading_TableView;
			};
			name = Debug;
		};
		AD4715331E1616E700C09D50 /* Release */ = {
			isa = XCBuildConfiguration;
			buildSettings = {
				INFOPLIST_FILE = ImageLoading_TableViewUITests/Info.plist;
				LD_RUNPATH_SEARCH_PATHS = "$(inherited) @executable_path/Frameworks @loader_path/Frameworks";
				PRODUCT_BUNDLE_IDENTIFIER = "com.tecksky.ImageLoading-TableViewUITests";
				PRODUCT_NAME = "$(TARGET_NAME)";
				TEST_TARGET_NAME = ImageLoading_TableView;
			};
			name = Release;
		};
/* End XCBuildConfiguration section */

/* Begin XCConfigurationList section */
		AD4714F91E1616E600C09D50 /* Build configuration list for PBXProject "ImageLoading_TableView" */ = {
			isa = XCConfigurationList;
			buildConfigurations = (
				AD4715291E1616E700C09D50 /* Debug */,
				AD47152A1E1616E700C09D50 /* Release */,
			);
			defaultConfigurationIsVisible = 0;
			defaultConfigurationName = Release;
		};
		AD47152B1E1616E700C09D50 /* Build configuration list for PBXNativeTarget "ImageLoading_TableView" */ = {
			isa = XCConfigurationList;
			buildConfigurations = (
				AD47152C1E1616E700C09D50 /* Debug */,
				AD47152D1E1616E700C09D50 /* Release */,
			);
			defaultConfigurationIsVisible = 0;
			defaultConfigurationName = Release;
		};
		AD47152E1E1616E700C09D50 /* Build configuration list for PBXNativeTarget "ImageLoading_TableViewTests" */ = {
			isa = XCConfigurationList;
			buildConfigurations = (
				AD47152F1E1616E700C09D50 /* Debug */,
				AD4715301E1616E700C09D50 /* Release */,
			);
			defaultConfigurationIsVisible = 0;
			defaultConfigurationName = Release;
		};
		AD4715311E1616E700C09D50 /* Build configuration list for PBXNativeTarget "ImageLoading_TableViewUITests" */ = {
			isa = XCConfigurationList;
			buildConfigurations = (
				AD4715321E1616E700C09D50 /* Debug */,
				AD4715331E1616E700C09D50 /* Release */,
			);
			defaultConfigurationIsVisible = 0;
			defaultConfigurationName = Release;
		};
/* End XCConfigurationList section */
	};
	rootObject = AD4714F61E1616E600C09D50 /* Project object */;
}
